// !$*UTF8*$!
{
	archiveVersion = 1;
	classes = {
	};
	objectVersion = 46;
	objects = {

/* Begin PBXBuildFile section */
		FB5A64BA1EF76A5300790E6F /* AppDelegate.swift in Sources */ = {isa = PBXBuildFile; fileRef = FB5A64B91EF76A5300790E6F /* AppDelegate.swift */; };
		FB5A64BC1EF76A5300790E6F /* ViewController.swift in Sources */ = {isa = PBXBuildFile; fileRef = FB5A64BB1EF76A5300790E6F /* ViewController.swift */; };
		FB5A64BF1EF76A5300790E6F /* Main.storyboard in Resources */ = {isa = PBXBuildFile; fileRef = FB5A64BD1EF76A5300790E6F /* Main.storyboard */; };
		FB5A64C11EF76A5300790E6F /* Assets.xcassets in Resources */ = {isa = PBXBuildFile; fileRef = FB5A64C01EF76A5300790E6F /* Assets.xcassets */; };
		FB5A64C41EF76A5300790E6F /* LaunchScreen.storyboard in Resources */ = {isa = PBXBuildFile; fileRef = FB5A64C21EF76A5300790E6F /* LaunchScreen.storyboard */; };
/* End PBXBuildFile section */

/* Begin PBXFileReference section */
		FB5A64B61EF76A5300790E6F /* SOQuestionExpandableTableViewCell.app */ = {isa = PBXFileReference; explicitFileType = wrapper.application; includeInIndex = 0; path = SOQuestionExpandableTableViewCell.app; sourceTree = BUILT_PRODUCTS_DIR; };
		FB5A64B91EF76A5300790E6F /* AppDelegate.swift */ = {isa = PBXFileReference; lastKnownFileType = sourcecode.swift; path = AppDelegate.swift; sourceTree = "<group>"; };
		FB5A64BB1EF76A5300790E6F /* ViewController.swift */ = {isa = PBXFileReference; lastKnownFileType = sourcecode.swift; path = ViewController.swift; sourceTree = "<group>"; };
		FB5A64BE1EF76A5300790E6F /* Base */ = {isa = PBXFileReference; lastKnownFileType = file.storyboard; name = Base; path = Base.lproj/Main.storyboard; sourceTree = "<group>"; };
		FB5A64C01EF76A5300790E6F /* Assets.xcassets */ = {isa = PBXFileReference; lastKnownFileType = folder.assetcatalog; path = Assets.xcassets; sourceTree = "<group>"; };
		FB5A64C31EF76A5300790E6F /* Base */ = {isa = PBXFileReference; lastKnownFileType = file.storyboard; name = Base; path = Base.lproj/LaunchScreen.storyboard; sourceTree = "<group>"; };
		FB5A64C51EF76A5300790E6F /* Info.plist */ = {isa = PBXFileReference; lastKnownFileType = text.plist.xml; path = Info.plist; sourceTree = "<group>"; };
/* End PBXFileReference section */

/* Begin PBXFrameworksBuildPhase section */
		FB5A64B31EF76A5300790E6F /* Frameworks */ = {
			isa = PBXFrameworksBuildPhase;
			buildActionMask = 2147483647;
			files = (
			);
			runOnlyForDeploymentPostprocessing = 0;
		};
/* End PBXFrameworksBuildPhase section */

/* Begin PBXGroup section */
		FB5A64AD1EF76A5300790E6F = {
			isa = PBXGroup;
			children = (
				FB5A64B81EF76A5300790E6F /* SOQuestionExpandableTableViewCell */,
				FB5A64B71EF76A5300790E6F /* Products */,
			);
			sourceTree = "<group>";
		};
		FB5A64B71EF76A5300790E6F /* Products */ = {
			isa = PBXGroup;
			children = (
				FB5A64B61EF76A5300790E6F /* SOQuestionExpandableTableViewCell.app */,
			);
			name = Products;
			sourceTree = "<group>";
		};
		FB5A64B81EF76A5300790E6F /* SOQuestionExpandableTableViewCell */ = {
			isa = PBXGroup;
			children = (
				FB5A64B91EF76A5300790E6F /* AppDelegate.swift */,
				FB5A64BB1EF76A5300790E6F /* ViewController.swift */,
				FB5A64BD1EF76A5300790E6F /* Main.storyboard */,
				FB5A64C01EF76A5300790E6F /* Assets.xcassets */,
				FB5A64C21EF76A5300790E6F /* LaunchScreen.storyboard */,
				FB5A64C51EF76A5300790E6F /* Info.plist */,
			);
			path = SOQuestionExpandableTableViewCell;
			sourceTree = "<group>";
		};
/* End PBXGroup section */

/* Begin PBXNativeTarget section */
		FB5A64B51EF76A5300790E6F /* SOQuestionExpandableTableViewCell */ = {
			isa = PBXNativeTarget;
			buildConfigurationList = FB5A64C81EF76A5300790E6F /* Build configuration list for PBXNativeTarget "SOQuestionExpandableTableViewCell" */;
			buildPhases = (
				FB5A64B21EF76A5300790E6F /* Sources */,
				FB5A64B31EF76A5300790E6F /* Frameworks */,
				FB5A64B41EF76A5300790E6F /* Resources */,
			);
			buildRules = (
			);
			dependencies = (
			);
			name = SOQuestionExpandableTableViewCell;
			productName = SOQuestionExpandableTableViewCell;
			productReference = FB5A64B61EF76A5300790E6F /* SOQuestionExpandableTableViewCell.app */;
			productType = "com.apple.product-type.application";
		};
/* End PBXNativeTarget section */

/* Begin PBXProject section */
		FB5A64AE1EF76A5300790E6F /* Project object */ = {
			isa = PBXProject;
			attributes = {
				LastSwiftUpdateCheck = 0820;
				LastUpgradeCheck = 0820;
				ORGANIZATIONNAME = Pruebas;
				TargetAttributes = {
					FB5A64B51EF76A5300790E6F = {
						CreatedOnToolsVersion = 8.2.1;
						DevelopmentTeam = XSDZKCRSXQ;
						ProvisioningStyle = Automatic;
					};
				};
			};
			buildConfigurationList = FB5A64B11EF76A5300790E6F /* Build configuration list for PBXProject "SOQuestionExpandableTableViewCell" */;
			compatibilityVersion = "Xcode 3.2";
			developmentRegion = English;
			hasScannedForEncodings = 0;
			knownRegions = (
				en,
				Base,
			);
			mainGroup = FB5A64AD1EF76A5300790E6F;
			productRefGroup = FB5A64B71EF76A5300790E6F /* Products */;
			projectDirPath = "";
			projectRoot = "";
			targets = (
				FB5A64B51EF76A5300790E6F /* SOQuestionExpandableTableViewCell */,
			);
		};
/* End PBXProject section */

/* Begin PBXResourcesBuildPhase section */
		FB5A64B41EF76A5300790E6F /* Resources */ = {
			isa = PBXResourcesBuildPhase;
			buildActionMask = 2147483647;
			files = (
				FB5A64C41EF76A5300790E6F /* LaunchScreen.storyboard in Resources */,
				FB5A64C11EF76A5300790E6F /* Assets.xcassets in Resources */,
				FB5A64BF1EF76A5300790E6F /* Main.storyboard in Resources */,
			);
			runOnlyForDeploymentPostprocessing = 0;
		};
/* End PBXResourcesBuildPhase section */

/* Begin PBXSourcesBuildPhase section */
		FB5A64B21EF76A5300790E6F /* Sources */ = {
			isa = PBXSourcesBuildPhase;
			buildActionMask = 2147483647;
			files = (
				FB5A64BC1EF76A5300790E6F /* ViewController.swift in Sources */,
				FB5A64BA1EF76A5300790E6F /* AppDelegate.swift in Sources */,
			);
			runOnlyForDeploymentPostprocessing = 0;
		};
/* End PBXSourcesBuildPhase section */

/* Begin PBXVariantGroup section */
		FB5A64BD1EF76A5300790E6F /* Main.storyboard */ = {
			isa = PBXVariantGroup;
			children = (
				FB5A64BE1EF76A5300790E6F /* Base */,
			);
			name = Main.storyboard;
			sourceTree = "<group>";
		};
		FB5A64C21EF76A5300790E6F /* LaunchScreen.storyboard */ = {
			isa = PBXVariantGroup;
			children = (
				FB5A64C31EF76A5300790E6F /* Base */,
			);
			name = LaunchScreen.storyboard;
			sourceTree = "<group>";
		};
/* End PBXVariantGroup section */

/* Begin XCBuildConfiguration section */
		FB5A64C61EF76A5300790E6F /* Debug */ = {
			isa = XCBuildConfiguration;
			buildSettings = {
				ALWAYS_SEARCH_USER_PATHS = NO;
				CLANG_ANALYZER_NONNULL = YES;
				CLANG_CXX_LANGUAGE_STANDARD = "gnu++0x";
				CLANG_CXX_LIBRARY = "libc++";
				CLANG_ENABLE_MODULES = YES;
				CLANG_ENABLE_OBJC_ARC = YES;
				CLANG_WARN_BOOL_CONVERSION = YES;
				CLANG_WARN_CONSTANT_CONVERSION = YES;
				CLANG_WARN_DIRECT_OBJC_ISA_USAGE = YES_ERROR;
				CLANG_WARN_DOCUMENTATION_COMMENTS = YES;
				CLANG_WARN_EMPTY_BODY = YES;
				CLANG_WARN_ENUM_CONVERSION = YES;
				CLANG_WARN_INFINITE_RECURSION = YES;
				CLANG_WARN_INT_CONVERSION = YES;
				CLANG_WARN_OBJC_ROOT_CLASS = YES_ERROR;
				CLANG_WARN_SUSPICIOUS_MOVE = YES;
				CLANG_WARN_UNREACHABLE_CODE = YES;
				CLANG_WARN__DUPLICATE_METHOD_MATCH = YES;
				"CODE_SIGN_IDENTITY[sdk=iphoneos*]" = "iPhone Developer";
				COPY_PHASE_STRIP = NO;
				DEBUG_INFORMATION_FORMAT = dwarf;
				ENABLE_STRICT_OBJC_MSGSEND = YES;
				ENABLE_TESTABILITY = YES;
				GCC_C_LANGUAGE_STANDARD = gnu99;
				GCC_DYNAMIC_NO_PIC = NO;
				GCC_NO_COMMON_BLOCKS = YES;
				GCC_OPTIMIZATION_LEVEL = 0;
				GCC_PREPROCESSOR_DEFINITIONS = (
					"DEBUG=1",
					"$(inherited)",
				);
				GCC_WARN_64_TO_32_BIT_CONVERSION = YES;
				GCC_WARN_ABOUT_RETURN_TYPE = YES_ERROR;
				GCC_WARN_UNDECLARED_SELECTOR = YES;
				GCC_WARN_UNINITIALIZED_AUTOS = YES_AGGRESSIVE;
				GCC_WARN_UNUSED_FUNCTION = YES;
				GCC_WARN_UNUSED_VARIABLE = YES;
				IPHONEOS_DEPLOYMENT_TARGET = 10.2;
				MTL_ENABLE_DEBUG_INFO = YES;
				ONLY_ACTIVE_ARCH = YES;
				SDKROOT = iphoneos;
				SWIFT_ACTIVE_COMPILATION_CONDITIONS = DEBUG;
				SWIFT_OPTIMIZATION_LEVEL = "-Onone";
			};
			name = Debug;
		};
		FB5A64C71EF76A5300790E6F /* Release */ = {
			isa = XCBuildConfiguration;
			buildSettings = {
				ALWAYS_SEARCH_USER_PATHS = NO;
				CLANG_ANALYZER_NONNULL = YES;
				CLANG_CXX_LANGUAGE_STANDARD = "gnu++0x";
				CLANG_CXX_LIBRARY = "libc++";
				CLANG_ENABLE_MODULES = YES;
				CLANG_ENABLE_OBJC_ARC = YES;
				CLANG_WARN_BOOL_CONVERSION = YES;
				CLANG_WARN_CONSTANT_CONVERSION = YES;
				CLANG_WARN_DIRECT_OBJC_ISA_USAGE = YES_ERROR;
				CLANG_WARN_DOCUMENTATION_COMMENTS = YES;
				CLANG_WARN_EMPTY_BODY = YES;
				CLANG_WARN_ENUM_CONVERSION = YES;
				CLANG_WARN_INFINITE_RECURSION = YES;
				CLANG_WARN_INT_CONVERSION = YES;
				CLANG_WARN_OBJC_ROOT_CLASS = YES_ERROR;
				CLANG_WARN_SUSPICIOUS_MOVE = YES;
				CLANG_WARN_UNREACHABLE_CODE = YES;
				CLANG_WARN__DUPLICATE_METHOD_MATCH = YES;
				"CODE_SIGN_IDENTITY[sdk=iphoneos*]" = "iPhone Developer";
				COPY_PHASE_STRIP = NO;
				DEBUG_INFORMATION_FORMAT = "dwarf-with-dsym";
				ENABLE_NS_ASSERTIONS = NO;
				ENABLE_STRICT_OBJC_MSGSEND = YES;
				GCC_C_LANGUAGE_STANDARD = gnu99;
				GCC_NO_COMMON_BLOCKS = YES;
				GCC_WARN_64_TO_32_BIT_CONVERSION = YES;
				GCC_WARN_ABOUT_RETURN_TYPE = YES_ERROR;
				GCC_WARN_UNDECLARED_SELECTOR = YES;
				GCC_WARN_UNINITIALIZED_AUTOS = YES_AGGRESSIVE;
				GCC_WARN_UNUSED_FUNCTION = YES;
				GCC_WARN_UNUSED_VARIABLE = YES;
				IPHONEOS_DEPLOYMENT_TARGET = 10.2;
				MTL_ENABLE_DEBUG_INFO = NO;
				SDKROOT = iphoneos;
				SWIFT_OPTIMIZATION_LEVEL = "-Owholemodule";
				VALIDATE_PRODUCT = YES;
			};
			name = Release;
		};
		FB5A64C91EF76A5300790E6F /* Debug */ = {
			isa = XCBuildConfiguration;
			buildSettings = {
				ASSETCATALOG_COMPILER_APPICON_NAME = AppIcon;
				DEVELOPMENT_TEAM = XSDZKCRSXQ;
				INFOPLIST_FILE = SOQuestionExpandableTableViewCell/Info.plist;
				LD_RUNPATH_SEARCH_PATHS = "$(inherited) @executable_path/Frameworks";
				PRODUCT_BUNDLE_IDENTIFIER = com.pruebas.SOQuestionExpandableTableViewCell;
				PRODUCT_NAME = "$(TARGET_NAME)";
				SWIFT_VERSION = 3.0;
			};
			name = Debug;
		};
		FB5A64CA1EF76A5300790E6F /* Release */ = {
			isa = XCBuildConfiguration;
			buildSettings = {
				ASSETCATALOG_COMPILER_APPICON_NAME = AppIcon;
				DEVELOPMENT_TEAM = XSDZKCRSXQ;
				INFOPLIST_FILE = SOQuestionExpandableTableViewCell/Info.plist;
				LD_RUNPATH_SEARCH_PATHS = "$(inherited) @executable_path/Frameworks";
				PRODUCT_BUNDLE_IDENTIFIER = com.pruebas.SOQuestionExpandableTableViewCell;
				PRODUCT_NAME = "$(TARGET_NAME)";
				SWIFT_VERSION = 3.0;
			};
			name = Release;
		};
/* End XCBuildConfiguration section */

/* Begin XCConfigurationList section */
		FB5A64B11EF76A5300790E6F /* Build configuration list for PBXProject "SOQuestionExpandableTableViewCell" */ = {
			isa = XCConfigurationList;
			buildConfigurations = (
				FB5A64C61EF76A5300790E6F /* Debug */,
				FB5A64C71EF76A5300790E6F /* Release */,
			);
			defaultConfigurationIsVisible = 0;
			defaultConfigurationName = Release;
		};
		FB5A64C81EF76A5300790E6F /* Build configuration list for PBXNativeTarget "SOQuestionExpandableTableViewCell" */ = {
			isa = XCConfigurationList;
			buildConfigurations = (
				FB5A64C91EF76A5300790E6F /* Debug */,
				FB5A64CA1EF76A5300790E6F /* Release */,
			);
			defaultConfigurationIsVisible = 0;
		};
/* End XCConfigurationList section */
	};
	rootObject = FB5A64AE1EF76A5300790E6F /* Project object */;
}
